
Microsoft Visual Studio Solution File, Format Version 12.00
# Visual Studio Version 16
VisualStudioVersion = 16.0.30128.74
MinimumVisualStudioVersion = 10.0.40219.1
Project("{2150E333-8FDC-42A3-9474-1A3956D46DE8}") = "Microservices", "Microservices", "{7F4A7C5F-E9C8-440D-97D0-091B8A85639D}"
EndProject
Project("{2150E333-8FDC-42A3-9474-1A3956D46DE8}") = "Domain", "Domain", "{9CE51241-5CB3-4888-ACFF-0640DC62221C}"
EndProject
Project("{2150E333-8FDC-42A3-9474-1A3956D46DE8}") = "Infra.Bus", "Infra.Bus", "{28505FDA-86E7-499A-9310-FD6899DC000E}"
EndProject
Project("{2150E333-8FDC-42A3-9474-1A3956D46DE8}") = "Infra.IoC", "Infra.IoC", "{5A037310-AC66-4085-A21E-CAAA877A3C6B}"
EndProject
Project("{2150E333-8FDC-42A3-9474-1A3956D46DE8}") = "Presentation", "Presentation", "{0D231F15-BBA9-4DD9-B7DC-156C27CFE4FA}"
EndProject
Project("{9A19103F-16F7-4668-BE54-9A1E7A4F7556}") = "MicroRabbit.Domain.Core", "MicroRabbit.Domain.Core\MicroRabbit.Domain.Core.csproj", "{7BA00C13-3FBC-4407-B855-FF60491C59E1}"
EndProject
Project("{9A19103F-16F7-4668-BE54-9A1E7A4F7556}") = "MicroRabbit.Infra.Bus", "MicroRabbit.Infra.Bus\MicroRabbit.Infra.Bus.csproj", "{AE3A386D-B010-484F-8336-7D861DA245D7}"
EndProject
Project("{FAE04EC0-301F-11D3-BF4B-00C04F79EFBC}") = "MicroRabbit.Infra.IoC", "MicroRabbit.Infra.IoC\MicroRabbit.Infra.IoC.csproj", "{FCF344E3-2C91-4347-A5E3-C49D01798C79}"
EndProject
Project("{2150E333-8FDC-42A3-9474-1A3956D46DE8}") = "Banking", "Banking", "{D9B678CA-4574-4485-843A-04E1A0A75E5F}"
EndProject
Project("{2150E333-8FDC-42A3-9474-1A3956D46DE8}") = "Api", "Api", "{D4BE2E09-77DB-4174-84BB-1E7CB2A8E628}"
EndProject
Project("{2150E333-8FDC-42A3-9474-1A3956D46DE8}") = "Domain", "Domain", "{145FA793-A660-43F5-A7A8-1EF55BC047F8}"
EndProject
Project("{2150E333-8FDC-42A3-9474-1A3956D46DE8}") = "Application", "Application", "{62B8DACE-C138-4791-B8E9-B721DECDBA9D}"
EndProject
Project("{2150E333-8FDC-42A3-9474-1A3956D46DE8}") = "Data", "Data", "{B3DFADBD-9035-4447-A19D-8264C5117461}"
EndProject
Project("{FAE04EC0-301F-11D3-BF4B-00C04F79EFBC}") = "MicroRabbit.Banking.Api", "MicroRabbit.Banking.Api\MicroRabbit.Banking.Api.csproj", "{25DDF8C9-6D77-4609-87C6-488B30BF944E}"
EndProject
Project("{FAE04EC0-301F-11D3-BF4B-00C04F79EFBC}") = "MicroRabbit.Banking.Application", "MicroRabbit.Banking.Application\MicroRabbit.Banking.Application.csproj", "{E8559334-3EB2-4A14-BC23-DA3F7F0DAD3F}"
EndProject
Project("{FAE04EC0-301F-11D3-BF4B-00C04F79EFBC}") = "MicroRabbit.Banking.Data", "MicroRabbit.Banking.Data\MicroRabbit.Banking.Data.csproj", "{A34B8329-7C6B-47F8-ABBF-33E7AB7A437B}"
EndProject
Project("{FAE04EC0-301F-11D3-BF4B-00C04F79EFBC}") = "MicroRabbit.Banking.Domain", "MicroRabbit.Banking.Domain\MicroRabbit.Banking.Domain.csproj", "{3EBAF7BE-5BD9-4811-8801-8E06EE4B9E55}"
EndProject
Project("{2150E333-8FDC-42A3-9474-1A3956D46DE8}") = "Transfer", "Transfer", "{C8F154AD-2EC0-463E-BE0B-2BD7F00499D8}"
EndProject
Project("{2150E333-8FDC-42A3-9474-1A3956D46DE8}") = "Api", "Api", "{76385E3B-B81A-4EC2-A431-3F411F2F5B81}"
EndProject
Project("{2150E333-8FDC-42A3-9474-1A3956D46DE8}") = "Application", "Application", "{A2ACA15E-4594-403D-8BA7-9AD2695C7534}"
EndProject
Project("{2150E333-8FDC-42A3-9474-1A3956D46DE8}") = "Data", "Data", "{72DB7A7F-2C5D-4C33-A9DD-C08251E02802}"
EndProject
Project("{2150E333-8FDC-42A3-9474-1A3956D46DE8}") = "Domain", "Domain", "{86D49A07-E12C-4CC7-9461-A4960EDBE8CF}"
EndProject
Project("{FAE04EC0-301F-11D3-BF4B-00C04F79EFBC}") = "MicroRabbit.Transfer.Api", "MicroRabbit.Transfer.Api\MicroRabbit.Transfer.Api.csproj", "{062AB651-3775-4749-A690-BA0EA3063617}"
EndProject
Project("{FAE04EC0-301F-11D3-BF4B-00C04F79EFBC}") = "MicroRabbit.Transfer.Application", "MicroRabbit.Transfer.Application\MicroRabbit.Transfer.Application.csproj", "{A6E6066C-13DB-4B2B-AB03-07AC4D4222CC}"
EndProject
Project("{FAE04EC0-301F-11D3-BF4B-00C04F79EFBC}") = "MicroRabbit.Transfer.Domain", "MicroRabbit.Transfer.Domain\MicroRabbit.Transfer.Domain.csproj", "{A8615926-1308-4E59-9EBC-A19B82534EB1}"
EndProject
Project("{FAE04EC0-301F-11D3-BF4B-00C04F79EFBC}") = "MicroRabbit.Transfer.Data", "MicroRabbit.Transfer.Data\MicroRabbit.Transfer.Data.csproj", "{88385DEE-0034-4792-8F30-6C372B0386BE}"
EndProject
Global
	GlobalSection(SolutionConfigurationPlatforms) = preSolution
		Debug|Any CPU = Debug|Any CPU
		Release|Any CPU = Release|Any CPU
	EndGlobalSection
	GlobalSection(ProjectConfigurationPlatforms) = postSolution
		{7BA00C13-3FBC-4407-B855-FF60491C59E1}.Debug|Any CPU.ActiveCfg = Debug|Any CPU
		{7BA00C13-3FBC-4407-B855-FF60491C59E1}.Debug|Any CPU.Build.0 = Debug|Any CPU
		{7BA00C13-3FBC-4407-B855-FF60491C59E1}.Release|Any CPU.ActiveCfg = Release|Any CPU
		{7BA00C13-3FBC-4407-B855-FF60491C59E1}.Release|Any CPU.Build.0 = Release|Any CPU
		{AE3A386D-B010-484F-8336-7D861DA245D7}.Debug|Any CPU.ActiveCfg = Debug|Any CPU
		{AE3A386D-B010-484F-8336-7D861DA245D7}.Debug|Any CPU.Build.0 = Debug|Any CPU
		{AE3A386D-B010-484F-8336-7D861DA245D7}.Release|Any CPU.ActiveCfg = Release|Any CPU
		{AE3A386D-B010-484F-8336-7D861DA245D7}.Release|Any CPU.Build.0 = Release|Any CPU
		{FCF344E3-2C91-4347-A5E3-C49D01798C79}.Debug|Any CPU.ActiveCfg = Debug|Any CPU
		{FCF344E3-2C91-4347-A5E3-C49D01798C79}.Debug|Any CPU.Build.0 = Debug|Any CPU
		{FCF344E3-2C91-4347-A5E3-C49D01798C79}.Release|Any CPU.ActiveCfg = Release|Any CPU
		{FCF344E3-2C91-4347-A5E3-C49D01798C79}.Release|Any CPU.Build.0 = Release|Any CPU
		{25DDF8C9-6D77-4609-87C6-488B30BF944E}.Debug|Any CPU.ActiveCfg = Debug|Any CPU
		{25DDF8C9-6D77-4609-87C6-488B30BF944E}.Debug|Any CPU.Build.0 = Debug|Any CPU
		{25DDF8C9-6D77-4609-87C6-488B30BF944E}.Release|Any CPU.ActiveCfg = Release|Any CPU
		{25DDF8C9-6D77-4609-87C6-488B30BF944E}.Release|Any CPU.Build.0 = Release|Any CPU
		{E8559334-3EB2-4A14-BC23-DA3F7F0DAD3F}.Debug|Any CPU.ActiveCfg = Debug|Any CPU
		{E8559334-3EB2-4A14-BC23-DA3F7F0DAD3F}.Debug|Any CPU.Build.0 = Debug|Any CPU
		{E8559334-3EB2-4A14-BC23-DA3F7F0DAD3F}.Release|Any CPU.ActiveCfg = Release|Any CPU
		{E8559334-3EB2-4A14-BC23-DA3F7F0DAD3F}.Release|Any CPU.Build.0 = Release|Any CPU
		{A34B8329-7C6B-47F8-ABBF-33E7AB7A437B}.Debug|Any CPU.ActiveCfg = Debug|Any CPU
		{A34B8329-7C6B-47F8-ABBF-33E7AB7A437B}.Debug|Any CPU.Build.0 = Debug|Any CPU
		{A34B8329-7C6B-47F8-ABBF-33E7AB7A437B}.Release|Any CPU.ActiveCfg = Release|Any CPU
		{A34B8329-7C6B-47F8-ABBF-33E7AB7A437B}.Release|Any CPU.Build.0 = Release|Any CPU
		{3EBAF7BE-5BD9-4811-8801-8E06EE4B9E55}.Debug|Any CPU.ActiveCfg = Debug|Any CPU
		{3EBAF7BE-5BD9-4811-8801-8E06EE4B9E55}.Debug|Any CPU.Build.0 = Debug|Any CPU
		{3EBAF7BE-5BD9-4811-8801-8E06EE4B9E55}.Release|Any CPU.ActiveCfg = Release|Any CPU
		{3EBAF7BE-5BD9-4811-8801-8E06EE4B9E55}.Release|Any CPU.Build.0 = Release|Any CPU
		{062AB651-3775-4749-A690-BA0EA3063617}.Debug|Any CPU.ActiveCfg = Debug|Any CPU
		{062AB651-3775-4749-A690-BA0EA3063617}.Debug|Any CPU.Build.0 = Debug|Any CPU
		{062AB651-3775-4749-A690-BA0EA3063617}.Release|Any CPU.ActiveCfg = Release|Any CPU
		{062AB651-3775-4749-A690-BA0EA3063617}.Release|Any CPU.Build.0 = Release|Any CPU
		{A6E6066C-13DB-4B2B-AB03-07AC4D4222CC}.Debug|Any CPU.ActiveCfg = Debug|Any CPU
		{A6E6066C-13DB-4B2B-AB03-07AC4D4222CC}.Debug|Any CPU.Build.0 = Debug|Any CPU
		{A6E6066C-13DB-4B2B-AB03-07AC4D4222CC}.Release|Any CPU.ActiveCfg = Release|Any CPU
		{A6E6066C-13DB-4B2B-AB03-07AC4D4222CC}.Release|Any CPU.Build.0 = Release|Any CPU
		{A8615926-1308-4E59-9EBC-A19B82534EB1}.Debug|Any CPU.ActiveCfg = Debug|Any CPU
		{A8615926-1308-4E59-9EBC-A19B82534EB1}.Debug|Any CPU.Build.0 = Debug|Any CPU
		{A8615926-1308-4E59-9EBC-A19B82534EB1}.Release|Any CPU.ActiveCfg = Release|Any CPU
		{A8615926-1308-4E59-9EBC-A19B82534EB1}.Release|Any CPU.Build.0 = Release|Any CPU
		{88385DEE-0034-4792-8F30-6C372B0386BE}.Debug|Any CPU.ActiveCfg = Debug|Any CPU
		{88385DEE-0034-4792-8F30-6C372B0386BE}.Debug|Any CPU.Build.0 = Debug|Any CPU
		{88385DEE-0034-4792-8F30-6C372B0386BE}.Release|Any CPU.ActiveCfg = Release|Any CPU
		{88385DEE-0034-4792-8F30-6C372B0386BE}.Release|Any CPU.Build.0 = Release|Any CPU
	EndGlobalSection
	GlobalSection(SolutionProperties) = preSolution
		HideSolutionNode = FALSE
	EndGlobalSection
	GlobalSection(NestedProjects) = preSolution
		{7BA00C13-3FBC-4407-B855-FF60491C59E1} = {9CE51241-5CB3-4888-ACFF-0640DC62221C}
		{AE3A386D-B010-484F-8336-7D861DA245D7} = {28505FDA-86E7-499A-9310-FD6899DC000E}
		{FCF344E3-2C91-4347-A5E3-C49D01798C79} = {5A037310-AC66-4085-A21E-CAAA877A3C6B}
		{D9B678CA-4574-4485-843A-04E1A0A75E5F} = {7F4A7C5F-E9C8-440D-97D0-091B8A85639D}
		{D4BE2E09-77DB-4174-84BB-1E7CB2A8E628} = {D9B678CA-4574-4485-843A-04E1A0A75E5F}
		{145FA793-A660-43F5-A7A8-1EF55BC047F8} = {D9B678CA-4574-4485-843A-04E1A0A75E5F}
		{62B8DACE-C138-4791-B8E9-B721DECDBA9D} = {D9B678CA-4574-4485-843A-04E1A0A75E5F}
		{B3DFADBD-9035-4447-A19D-8264C5117461} = {D9B678CA-4574-4485-843A-04E1A0A75E5F}
		{25DDF8C9-6D77-4609-87C6-488B30BF944E} = {D4BE2E09-77DB-4174-84BB-1E7CB2A8E628}
		{E8559334-3EB2-4A14-BC23-DA3F7F0DAD3F} = {62B8DACE-C138-4791-B8E9-B721DECDBA9D}
		{A34B8329-7C6B-47F8-ABBF-33E7AB7A437B} = {B3DFADBD-9035-4447-A19D-8264C5117461}
		{3EBAF7BE-5BD9-4811-8801-8E06EE4B9E55} = {145FA793-A660-43F5-A7A8-1EF55BC047F8}
		{C8F154AD-2EC0-463E-BE0B-2BD7F00499D8} = {7F4A7C5F-E9C8-440D-97D0-091B8A85639D}
		{76385E3B-B81A-4EC2-A431-3F411F2F5B81} = {C8F154AD-2EC0-463E-BE0B-2BD7F00499D8}
		{A2ACA15E-4594-403D-8BA7-9AD2695C7534} = {C8F154AD-2EC0-463E-BE0B-2BD7F00499D8}
		{72DB7A7F-2C5D-4C33-A9DD-C08251E02802} = {C8F154AD-2EC0-463E-BE0B-2BD7F00499D8}
		{86D49A07-E12C-4CC7-9461-A4960EDBE8CF} = {C8F154AD-2EC0-463E-BE0B-2BD7F00499D8}
		{062AB651-3775-4749-A690-BA0EA3063617} = {76385E3B-B81A-4EC2-A431-3F411F2F5B81}
		{A6E6066C-13DB-4B2B-AB03-07AC4D4222CC} = {A2ACA15E-4594-403D-8BA7-9AD2695C7534}
		{A8615926-1308-4E59-9EBC-A19B82534EB1} = {86D49A07-E12C-4CC7-9461-A4960EDBE8CF}
		{88385DEE-0034-4792-8F30-6C372B0386BE} = {72DB7A7F-2C5D-4C33-A9DD-C08251E02802}
	EndGlobalSection
	GlobalSection(ExtensibilityGlobals) = postSolution
		SolutionGuid = {7AE9341F-FAA3-4902-AC6C-5D6C1446D0F7}
	EndGlobalSection
EndGlobal
